// !$*UTF8*$!
{
	archiveVersion = 1;
	classes = {
	};
	objectVersion = 50;
	objects = {

/* Begin PBXBuildFile section */
		92F702E4263167AA00FA5AB7 /* AppDelegate.swift in Sources */ = {isa = PBXBuildFile; fileRef = 92F702E3263167AA00FA5AB7 /* AppDelegate.swift */; };
		92F702E6263167AA00FA5AB7 /* SceneDelegate.swift in Sources */ = {isa = PBXBuildFile; fileRef = 92F702E5263167AA00FA5AB7 /* SceneDelegate.swift */; };
		92F702E8263167AA00FA5AB7 /* ViewController.swift in Sources */ = {isa = PBXBuildFile; fileRef = 92F702E7263167AA00FA5AB7 /* ViewController.swift */; };
		92F702EB263167AA00FA5AB7 /* Main.storyboard in Resources */ = {isa = PBXBuildFile; fileRef = 92F702E9263167AA00FA5AB7 /* Main.storyboard */; };
		92F702ED263167AD00FA5AB7 /* Assets.xcassets in Resources */ = {isa = PBXBuildFile; fileRef = 92F702EC263167AD00FA5AB7 /* Assets.xcassets */; };
		92F702F0263167AD00FA5AB7 /* LaunchScreen.storyboard in Resources */ = {isa = PBXBuildFile; fileRef = 92F702EE263167AD00FA5AB7 /* LaunchScreen.storyboard */; };
		92F702FB263167AD00FA5AB7 /* testLabelStringTests.swift in Sources */ = {isa = PBXBuildFile; fileRef = 92F702FA263167AD00FA5AB7 /* testLabelStringTests.swift */; };
		92F70306263167AE00FA5AB7 /* testLabelStringUITests.swift in Sources */ = {isa = PBXBuildFile; fileRef = 92F70305263167AE00FA5AB7 /* testLabelStringUITests.swift */; };
/* End PBXBuildFile section */

/* Begin PBXContainerItemProxy section */
		92F702F7263167AD00FA5AB7 /* PBXContainerItemProxy */ = {
			isa = PBXContainerItemProxy;
			containerPortal = 92F702D8263167AA00FA5AB7 /* Project object */;
			proxyType = 1;
			remoteGlobalIDString = 92F702DF263167AA00FA5AB7;
			remoteInfo = testLabelString;
		};
		92F70302263167AE00FA5AB7 /* PBXContainerItemProxy */ = {
			isa = PBXContainerItemProxy;
			containerPortal = 92F702D8263167AA00FA5AB7 /* Project object */;
			proxyType = 1;
			remoteGlobalIDString = 92F702DF263167AA00FA5AB7;
			remoteInfo = testLabelString;
		};
/* End PBXContainerItemProxy section */

/* Begin PBXFileReference section */
		92F702E0263167AA00FA5AB7 /* testLabelString.app */ = {isa = PBXFileReference; explicitFileType = wrapper.application; includeInIndex = 0; path = testLabelString.app; sourceTree = BUILT_PRODUCTS_DIR; };
		92F702E3263167AA00FA5AB7 /* AppDelegate.swift */ = {isa = PBXFileReference; lastKnownFileType = sourcecode.swift; path = AppDelegate.swift; sourceTree = "<group>"; };
		92F702E5263167AA00FA5AB7 /* SceneDelegate.swift */ = {isa = PBXFileReference; lastKnownFileType = sourcecode.swift; path = SceneDelegate.swift; sourceTree = "<group>"; };
		92F702E7263167AA00FA5AB7 /* ViewController.swift */ = {isa = PBXFileReference; lastKnownFileType = sourcecode.swift; path = ViewController.swift; sourceTree = "<group>"; };
		92F702EA263167AA00FA5AB7 /* Base */ = {isa = PBXFileReference; lastKnownFileType = file.storyboard; name = Base; path = Base.lproj/Main.storyboard; sourceTree = "<group>"; };
		92F702EC263167AD00FA5AB7 /* Assets.xcassets */ = {isa = PBXFileReference; lastKnownFileType = folder.assetcatalog; path = Assets.xcassets; sourceTree = "<group>"; };
		92F702EF263167AD00FA5AB7 /* Base */ = {isa = PBXFileReference; lastKnownFileType = file.storyboard; name = Base; path = Base.lproj/LaunchScreen.storyboard; sourceTree = "<group>"; };
		92F702F1263167AD00FA5AB7 /* Info.plist */ = {isa = PBXFileReference; lastKnownFileType = text.plist.xml; path = Info.plist; sourceTree = "<group>"; };
		92F702F6263167AD00FA5AB7 /* testLabelStringTests.xctest */ = {isa = PBXFileReference; explicitFileType = wrapper.cfbundle; includeInIndex = 0; path = testLabelStringTests.xctest; sourceTree = BUILT_PRODUCTS_DIR; };
		92F702FA263167AD00FA5AB7 /* testLabelStringTests.swift */ = {isa = PBXFileReference; lastKnownFileType = sourcecode.swift; path = testLabelStringTests.swift; sourceTree = "<group>"; };
		92F702FC263167AD00FA5AB7 /* Info.plist */ = {isa = PBXFileReference; lastKnownFileType = text.plist.xml; path = Info.plist; sourceTree = "<group>"; };
		92F70301263167AE00FA5AB7 /* testLabelStringUITests.xctest */ = {isa = PBXFileReference; explicitFileType = wrapper.cfbundle; includeInIndex = 0; path = testLabelStringUITests.xctest; sourceTree = BUILT_PRODUCTS_DIR; };
		92F70305263167AE00FA5AB7 /* testLabelStringUITests.swift */ = {isa = PBXFileReference; lastKnownFileType = sourcecode.swift; path = testLabelStringUITests.swift; sourceTree = "<group>"; };
		92F70307263167AE00FA5AB7 /* Info.plist */ = {isa = PBXFileReference; lastKnownFileType = text.plist.xml; path = Info.plist; sourceTree = "<group>"; };
/* End PBXFileReference section */

/* Begin PBXFrameworksBuildPhase section */
		92F702DD263167AA00FA5AB7 /* Frameworks */ = {
			isa = PBXFrameworksBuildPhase;
			buildActionMask = 2147483647;
			files = (
			);
			runOnlyForDeploymentPostprocessing = 0;
		};
		92F702F3263167AD00FA5AB7 /* Frameworks */ = {
			isa = PBXFrameworksBuildPhase;
			buildActionMask = 2147483647;
			files = (
			);
			runOnlyForDeploymentPostprocessing = 0;
		};
		92F702FE263167AE00FA5AB7 /* Frameworks */ = {
			isa = PBXFrameworksBuildPhase;
			buildActionMask = 2147483647;
			files = (
			);
			runOnlyForDeploymentPostprocessing = 0;
		};
/* End PBXFrameworksBuildPhase section */

/* Begin PBXGroup section */
		92F702D7263167AA00FA5AB7 = {
			isa = PBXGroup;
			children = (
				92F702E2263167AA00FA5AB7 /* testLabelString */,
				92F702F9263167AD00FA5AB7 /* testLabelStringTests */,
				92F70304263167AE00FA5AB7 /* testLabelStringUITests */,
				92F702E1263167AA00FA5AB7 /* Products */,
			);
			sourceTree = "<group>";
		};
		92F702E1263167AA00FA5AB7 /* Products */ = {
			isa = PBXGroup;
			children = (
				92F702E0263167AA00FA5AB7 /* testLabelString.app */,
				92F702F6263167AD00FA5AB7 /* testLabelStringTests.xctest */,
				92F70301263167AE00FA5AB7 /* testLabelStringUITests.xctest */,
			);
			name = Products;
			sourceTree = "<group>";
		};
		92F702E2263167AA00FA5AB7 /* testLabelString */ = {
			isa = PBXGroup;
			children = (
				92F702E3263167AA00FA5AB7 /* AppDelegate.swift */,
				92F702E5263167AA00FA5AB7 /* SceneDelegate.swift */,
				92F702E7263167AA00FA5AB7 /* ViewController.swift */,
				92F702E9263167AA00FA5AB7 /* Main.storyboard */,
				92F702EC263167AD00FA5AB7 /* Assets.xcassets */,
				92F702EE263167AD00FA5AB7 /* LaunchScreen.storyboard */,
				92F702F1263167AD00FA5AB7 /* Info.plist */,
			);
			path = testLabelString;
			sourceTree = "<group>";
		};
		92F702F9263167AD00FA5AB7 /* testLabelStringTests */ = {
			isa = PBXGroup;
			children = (
				92F702FA263167AD00FA5AB7 /* testLabelStringTests.swift */,
				92F702FC263167AD00FA5AB7 /* Info.plist */,
			);
			path = testLabelStringTests;
			sourceTree = "<group>";
		};
		92F70304263167AE00FA5AB7 /* testLabelStringUITests */ = {
			isa = PBXGroup;
			children = (
				92F70305263167AE00FA5AB7 /* testLabelStringUITests.swift */,
				92F70307263167AE00FA5AB7 /* Info.plist */,
			);
			path = testLabelStringUITests;
			sourceTree = "<group>";
		};
/* End PBXGroup section */

/* Begin PBXNativeTarget section */
		92F702DF263167AA00FA5AB7 /* testLabelString */ = {
			isa = PBXNativeTarget;
			buildConfigurationList = 92F7030A263167AE00FA5AB7 /* Build configuration list for PBXNativeTarget "testLabelString" */;
			buildPhases = (
				92F702DC263167AA00FA5AB7 /* Sources */,
				92F702DD263167AA00FA5AB7 /* Frameworks */,
				92F702DE263167AA00FA5AB7 /* Resources */,
			);
			buildRules = (
			);
			dependencies = (
			);
			name = testLabelString;
			productName = testLabelString;
			productReference = 92F702E0263167AA00FA5AB7 /* testLabelString.app */;
			productType = "com.apple.product-type.application";
		};
		92F702F5263167AD00FA5AB7 /* testLabelStringTests */ = {
			isa = PBXNativeTarget;
			buildConfigurationList = 92F7030D263167AE00FA5AB7 /* Build configuration list for PBXNativeTarget "testLabelStringTests" */;
			buildPhases = (
				92F702F2263167AD00FA5AB7 /* Sources */,
				92F702F3263167AD00FA5AB7 /* Frameworks */,
				92F702F4263167AD00FA5AB7 /* Resources */,
			);
			buildRules = (
			);
			dependencies = (
				92F702F8263167AD00FA5AB7 /* PBXTargetDependency */,
			);
			name = testLabelStringTests;
			productName = testLabelStringTests;
			productReference = 92F702F6263167AD00FA5AB7 /* testLabelStringTests.xctest */;
			productType = "com.apple.product-type.bundle.unit-test";
		};
		92F70300263167AE00FA5AB7 /* testLabelStringUITests */ = {
			isa = PBXNativeTarget;
			buildConfigurationList = 92F70310263167AE00FA5AB7 /* Build configuration list for PBXNativeTarget "testLabelStringUITests" */;
			buildPhases = (
				92F702FD263167AE00FA5AB7 /* Sources */,
				92F702FE263167AE00FA5AB7 /* Frameworks */,
				92F702FF263167AE00FA5AB7 /* Resources */,
			);
			buildRules = (
			);
			dependencies = (
				92F70303263167AE00FA5AB7 /* PBXTargetDependency */,
			);
			name = testLabelStringUITests;
			productName = testLabelStringUITests;
			productReference = 92F70301263167AE00FA5AB7 /* testLabelStringUITests.xctest */;
			productType = "com.apple.product-type.bundle.ui-testing";
		};
/* End PBXNativeTarget section */

/* Begin PBXProject section */
		92F702D8263167AA00FA5AB7 /* Project object */ = {
			isa = PBXProject;
			attributes = {
				LastSwiftUpdateCheck = 1240;
				LastUpgradeCheck = 1240;
				TargetAttributes = {
					92F702DF263167AA00FA5AB7 = {
						CreatedOnToolsVersion = 12.4;
					};
					92F702F5263167AD00FA5AB7 = {
						CreatedOnToolsVersion = 12.4;
						TestTargetID = 92F702DF263167AA00FA5AB7;
					};
					92F70300263167AE00FA5AB7 = {
						CreatedOnToolsVersion = 12.4;
						TestTargetID = 92F702DF263167AA00FA5AB7;
					};
				};
			};
			buildConfigurationList = 92F702DB263167AA00FA5AB7 /* Build configuration list for PBXProject "testLabelString" */;
			compatibilityVersion = "Xcode 9.3";
			developmentRegion = en;
			hasScannedForEncodings = 0;
			knownRegions = (
				en,
				Base,
			);
			mainGroup = 92F702D7263167AA00FA5AB7;
			productRefGroup = 92F702E1263167AA00FA5AB7 /* Products */;
			projectDirPath = "";
			projectRoot = "";
			targets = (
				92F702DF263167AA00FA5AB7 /* testLabelString */,
				92F702F5263167AD00FA5AB7 /* testLabelStringTests */,
				92F70300263167AE00FA5AB7 /* testLabelStringUITests */,
			);
		};
/* End PBXProject section */

/* Begin PBXResourcesBuildPhase section */
		92F702DE263167AA00FA5AB7 /* Resources */ = {
			isa = PBXResourcesBuildPhase;
			buildActionMask = 2147483647;
			files = (
				92F702F0263167AD00FA5AB7 /* LaunchScreen.storyboard in Resources */,
				92F702ED263167AD00FA5AB7 /* Assets.xcassets in Resources */,
				92F702EB263167AA00FA5AB7 /* Main.storyboard in Resources */,
			);
			runOnlyForDeploymentPostprocessing = 0;
		};
		92F702F4263167AD00FA5AB7 /* Resources */ = {
			isa = PBXResourcesBuildPhase;
			buildActionMask = 2147483647;
			files = (
			);
			runOnlyForDeploymentPostprocessing = 0;
		};
		92F702FF263167AE00FA5AB7 /* Resources */ = {
			isa = PBXResourcesBuildPhase;
			buildActionMask = 2147483647;
			files = (
			);
			runOnlyForDeploymentPostprocessing = 0;
		};
/* End PBXResourcesBuildPhase section */

/* Begin PBXSourcesBuildPhase section */
		92F702DC263167AA00FA5AB7 /* Sources */ = {
			isa = PBXSourcesBuildPhase;
			buildActionMask = 2147483647;
			files = (
				92F702E8263167AA00FA5AB7 /* ViewController.swift in Sources */,
				92F702E4263167AA00FA5AB7 /* AppDelegate.swift in Sources */,
				92F702E6263167AA00FA5AB7 /* SceneDelegate.swift in Sources */,
			);
			runOnlyForDeploymentPostprocessing = 0;
		};
		92F702F2263167AD00FA5AB7 /* Sources */ = {
			isa = PBXSourcesBuildPhase;
			buildActionMask = 2147483647;
			files = (
				92F702FB263167AD00FA5AB7 /* testLabelStringTests.swift in Sources */,
			);
			runOnlyForDeploymentPostprocessing = 0;
		};
		92F702FD263167AE00FA5AB7 /* Sources */ = {
			isa = PBXSourcesBuildPhase;
			buildActionMask = 2147483647;
			files = (
				92F70306263167AE00FA5AB7 /* testLabelStringUITests.swift in Sources */,
			);
			runOnlyForDeploymentPostprocessing = 0;
		};
/* End PBXSourcesBuildPhase section */

/* Begin PBXTargetDependency section */
		92F702F8263167AD00FA5AB7 /* PBXTargetDependency */ = {
			isa = PBXTargetDependency;
			target = 92F702DF263167AA00FA5AB7 /* testLabelString */;
			targetProxy = 92F702F7263167AD00FA5AB7 /* PBXContainerItemProxy */;
		};
		92F70303263167AE00FA5AB7 /* PBXTargetDependency */ = {
			isa = PBXTargetDependency;
			target = 92F702DF263167AA00FA5AB7 /* testLabelString */;
			targetProxy = 92F70302263167AE00FA5AB7 /* PBXContainerItemProxy */;
		};
/* End PBXTargetDependency section */

/* Begin PBXVariantGroup section */
		92F702E9263167AA00FA5AB7 /* Main.storyboard */ = {
			isa = PBXVariantGroup;
			children = (
				92F702EA263167AA00FA5AB7 /* Base */,
			);
			name = Main.storyboard;
			sourceTree = "<group>";
		};
		92F702EE263167AD00FA5AB7 /* LaunchScreen.storyboard */ = {
			isa = PBXVariantGroup;
			children = (
				92F702EF263167AD00FA5AB7 /* Base */,
			);
			name = LaunchScreen.storyboard;
			sourceTree = "<group>";
		};
/* End PBXVariantGroup section */

/* Begin XCBuildConfiguration section */
		92F70308263167AE00FA5AB7 /* Debug */ = {
			isa = XCBuildConfiguration;
			buildSettings = {
				ALWAYS_SEARCH_USER_PATHS = NO;
				CLANG_ANALYZER_NONNULL = YES;
				CLANG_ANALYZER_NUMBER_OBJECT_CONVERSION = YES_AGGRESSIVE;
				CLANG_CXX_LANGUAGE_STANDARD = "gnu++14";
				CLANG_CXX_LIBRARY = "libc++";
				CLANG_ENABLE_MODULES = YES;
				CLANG_ENABLE_OBJC_ARC = YES;
				CLANG_ENABLE_OBJC_WEAK = YES;
				CLANG_WARN_BLOCK_CAPTURE_AUTORELEASING = YES;
				CLANG_WARN_BOOL_CONVERSION = YES;
				CLANG_WARN_COMMA = YES;
				CLANG_WARN_CONSTANT_CONVERSION = YES;
				CLANG_WARN_DEPRECATED_OBJC_IMPLEMENTATIONS = YES;
				CLANG_WARN_DIRECT_OBJC_ISA_USAGE = YES_ERROR;
				CLANG_WARN_DOCUMENTATION_COMMENTS = YES;
				CLANG_WARN_EMPTY_BODY = YES;
				CLANG_WARN_ENUM_CONVERSION = YES;
				CLANG_WARN_INFINITE_RECURSION = YES;
				CLANG_WARN_INT_CONVERSION = YES;
				CLANG_WARN_NON_LITERAL_NULL_CONVERSION = YES;
				CLANG_WARN_OBJC_IMPLICIT_RETAIN_SELF = YES;
				CLANG_WARN_OBJC_LITERAL_CONVERSION = YES;
				CLANG_WARN_OBJC_ROOT_CLASS = YES_ERROR;
				CLANG_WARN_QUOTED_INCLUDE_IN_FRAMEWORK_HEADER = YES;
				CLANG_WARN_RANGE_LOOP_ANALYSIS = YES;
				CLANG_WARN_STRICT_PROTOTYPES = YES;
				CLANG_WARN_SUSPICIOUS_MOVE = YES;
				CLANG_WARN_UNGUARDED_AVAILABILITY = YES_AGGRESSIVE;
				CLANG_WARN_UNREACHABLE_CODE = YES;
				CLANG_WARN__DUPLICATE_METHOD_MATCH = YES;
				COPY_PHASE_STRIP = NO;
				DEBUG_INFORMATION_FORMAT = dwarf;
				ENABLE_STRICT_OBJC_MSGSEND = YES;
				ENABLE_TESTABILITY = YES;
				GCC_C_LANGUAGE_STANDARD = gnu11;
				GCC_DYNAMIC_NO_PIC = NO;
				GCC_NO_COMMON_BLOCKS = YES;
				GCC_OPTIMIZATION_LEVEL = 0;
				GCC_PREPROCESSOR_DEFINITIONS = (
					"DEBUG=1",
					"$(inherited)",
				);
				GCC_WARN_64_TO_32_BIT_CONVERSION = YES;
				GCC_WARN_ABOUT_RETURN_TYPE = YES_ERROR;
				GCC_WARN_UNDECLARED_SELECTOR = YES;
				GCC_WARN_UNINITIALIZED_AUTOS = YES_AGGRESSIVE;
				GCC_WARN_UNUSED_FUNCTION = YES;
				GCC_WARN_UNUSED_VARIABLE = YES;
				IPHONEOS_DEPLOYMENT_TARGET = 14.4;
				MTL_ENABLE_DEBUG_INFO = INCLUDE_SOURCE;
				MTL_FAST_MATH = YES;
				ONLY_ACTIVE_ARCH = YES;
				SDKROOT = iphoneos;
				SWIFT_ACTIVE_COMPILATION_CONDITIONS = DEBUG;
				SWIFT_OPTIMIZATION_LEVEL = "-Onone";
			};
			name = Debug;
		};
		92F70309263167AE00FA5AB7 /* Release */ = {
			isa = XCBuildConfiguration;
			buildSettings = {
				ALWAYS_SEARCH_USER_PATHS = NO;
				CLANG_ANALYZER_NONNULL = YES;
				CLANG_ANALYZER_NUMBER_OBJECT_CONVERSION = YES_AGGRESSIVE;
				CLANG_CXX_LANGUAGE_STANDARD = "gnu++14";
				CLANG_CXX_LIBRARY = "libc++";
				CLANG_ENABLE_MODULES = YES;
				CLANG_ENABLE_OBJC_ARC = YES;
				CLANG_ENABLE_OBJC_WEAK = YES;
				CLANG_WARN_BLOCK_CAPTURE_AUTORELEASING = YES;
				CLANG_WARN_BOOL_CONVERSION = YES;
				CLANG_WARN_COMMA = YES;
				CLANG_WARN_CONSTANT_CONVERSION = YES;
				CLANG_WARN_DEPRECATED_OBJC_IMPLEMENTATIONS = YES;
				CLANG_WARN_DIRECT_OBJC_ISA_USAGE = YES_ERROR;
				CLANG_WARN_DOCUMENTATION_COMMENTS = YES;
				CLANG_WARN_EMPTY_BODY = YES;
				CLANG_WARN_ENUM_CONVERSION = YES;
				CLANG_WARN_INFINITE_RECURSION = YES;
				CLANG_WARN_INT_CONVERSION = YES;
				CLANG_WARN_NON_LITERAL_NULL_CONVERSION = YES;
				CLANG_WARN_OBJC_IMPLICIT_RETAIN_SELF = YES;
				CLANG_WARN_OBJC_LITERAL_CONVERSION = YES;
				CLANG_WARN_OBJC_ROOT_CLASS = YES_ERROR;
				CLANG_WARN_QUOTED_INCLUDE_IN_FRAMEWORK_HEADER = YES;
				CLANG_WARN_RANGE_LOOP_ANALYSIS = YES;
				CLANG_WARN_STRICT_PROTOTYPES = YES;
				CLANG_WARN_SUSPICIOUS_MOVE = YES;
				CLANG_WARN_UNGUARDED_AVAILABILITY = YES_AGGRESSIVE;
				CLANG_WARN_UNREACHABLE_CODE = YES;
				CLANG_WARN__DUPLICATE_METHOD_MATCH = YES;
				COPY_PHASE_STRIP = NO;
				DEBUG_INFORMATION_FORMAT = "dwarf-with-dsym";
				ENABLE_NS_ASSERTIONS = NO;
				ENABLE_STRICT_OBJC_MSGSEND = YES;
				GCC_C_LANGUAGE_STANDARD = gnu11;
				GCC_NO_COMMON_BLOCKS = YES;
				GCC_WARN_64_TO_32_BIT_CONVERSION = YES;
				GCC_WARN_ABOUT_RETURN_TYPE = YES_ERROR;
				GCC_WARN_UNDECLARED_SELECTOR = YES;
				GCC_WARN_UNINITIALIZED_AUTOS = YES_AGGRESSIVE;
				GCC_WARN_UNUSED_FUNCTION = YES;
				GCC_WARN_UNUSED_VARIABLE = YES;
				IPHONEOS_DEPLOYMENT_TARGET = 14.4;
				MTL_ENABLE_DEBUG_INFO = NO;
				MTL_FAST_MATH = YES;
				SDKROOT = iphoneos;
				SWIFT_COMPILATION_MODE = wholemodule;
				SWIFT_OPTIMIZATION_LEVEL = "-O";
				VALIDATE_PRODUCT = YES;
			};
			name = Release;
		};
		92F7030B263167AE00FA5AB7 /* Debug */ = {
			isa = XCBuildConfiguration;
			buildSettings = {
				ASSETCATALOG_COMPILER_APPICON_NAME = AppIcon;
				ASSETCATALOG_COMPILER_GLOBAL_ACCENT_COLOR_NAME = AccentColor;
				CODE_SIGN_STYLE = Automatic;
				DEVELOPMENT_TEAM = 8S589C7SU7;
				INFOPLIST_FILE = testLabelString/Info.plist;
				LD_RUNPATH_SEARCH_PATHS = (
					"$(inherited)",
					"@executable_path/Frameworks",
				);
				PRODUCT_BUNDLE_IDENTIFIER = KobeSys.testLabelString;
				PRODUCT_NAME = "$(TARGET_NAME)";
				SWIFT_VERSION = 5.0;
				TARGETED_DEVICE_FAMILY = "1,2";
			};
			name = Debug;
		};
		92F7030C263167AE00FA5AB7 /* Release */ = {
			isa = XCBuildConfiguration;
			buildSettings = {
				ASSETCATALOG_COMPILER_APPICON_NAME = AppIcon;
				ASSETCATALOG_COMPILER_GLOBAL_ACCENT_COLOR_NAME = AccentColor;
				CODE_SIGN_STYLE = Automatic;
				DEVELOPMENT_TEAM = 8S589C7SU7;
				INFOPLIST_FILE = testLabelString/Info.plist;
				LD_RUNPATH_SEARCH_PATHS = (
					"$(inherited)",
					"@executable_path/Frameworks",
				);
				PRODUCT_BUNDLE_IDENTIFIER = KobeSys.testLabelString;
				PRODUCT_NAME = "$(TARGET_NAME)";
				SWIFT_VERSION = 5.0;
				TARGETED_DEVICE_FAMILY = "1,2";
			};
			name = Release;
		};
		92F7030E263167AE00FA5AB7 /* Debug */ = {
			isa = XCBuildConfiguration;
			buildSettings = {
				ALWAYS_EMBED_SWIFT_STANDARD_LIBRARIES = YES;
				BUNDLE_LOADER = "$(TEST_HOST)";
				CODE_SIGN_STYLE = Automatic;
				DEVELOPMENT_TEAM = 8S589C7SU7;
				INFOPLIST_FILE = testLabelStringTests/Info.plist;
				IPHONEOS_DEPLOYMENT_TARGET = 14.4;
				LD_RUNPATH_SEARCH_PATHS = (
					"$(inherited)",
					"@executable_path/Frameworks",
					"@loader_path/Frameworks",
				);
				PRODUCT_BUNDLE_IDENTIFIER = KobeSys.testLabelStringTests;
				PRODUCT_NAME = "$(TARGET_NAME)";
				SWIFT_VERSION = 5.0;
				TARGETED_DEVICE_FAMILY = "1,2";
				TEST_HOST = "$(BUILT_PRODUCTS_DIR)/testLabelString.app/testLabelString";
			};
			name = Debug;
		};
		92F7030F263167AE00FA5AB7 /* Release */ = {
			isa = XCBuildConfiguration;
			buildSettings = {
				ALWAYS_EMBED_SWIFT_STANDARD_LIBRARIES = YES;
				BUNDLE_LOADER = "$(TEST_HOST)";
				CODE_SIGN_STYLE = Automatic;
				DEVELOPMENT_TEAM = 8S589C7SU7;
				INFOPLIST_FILE = testLabelStringTests/Info.plist;
				IPHONEOS_DEPLOYMENT_TARGET = 14.4;
				LD_RUNPATH_SEARCH_PATHS = (
					"$(inherited)",
					"@executable_path/Frameworks",
					"@loader_path/Frameworks",
				);
				PRODUCT_BUNDLE_IDENTIFIER = KobeSys.testLabelStringTests;
				PRODUCT_NAME = "$(TARGET_NAME)";
				SWIFT_VERSION = 5.0;
				TARGETED_DEVICE_FAMILY = "1,2";
				TEST_HOST = "$(BUILT_PRODUCTS_DIR)/testLabelString.app/testLabelString";
			};
			name = Release;
		};
		92F70311263167AE00FA5AB7 /* Debug */ = {
			isa = XCBuildConfiguration;
			buildSettings = {
				ALWAYS_EMBED_SWIFT_STANDARD_LIBRARIES = YES;
				CODE_SIGN_STYLE = Automatic;
				DEVELOPMENT_TEAM = 8S589C7SU7;
				INFOPLIST_FILE = testLabelStringUITests/Info.plist;
				LD_RUNPATH_SEARCH_PATHS = (
					"$(inherited)",
					"@executable_path/Frameworks",
					"@loader_path/Frameworks",
				);
				PRODUCT_BUNDLE_IDENTIFIER = KobeSys.testLabelStringUITests;
				PRODUCT_NAME = "$(TARGET_NAME)";
				SWIFT_VERSION = 5.0;
				TARGETED_DEVICE_FAMILY = "1,2";
				TEST_TARGET_NAME = testLabelString;
			};
			name = Debug;
		};
		92F70312263167AE00FA5AB7 /* Release */ = {
			isa = XCBuildConfiguration;
			buildSettings = {
				ALWAYS_EMBED_SWIFT_STANDARD_LIBRARIES = YES;
				CODE_SIGN_STYLE = Automatic;
				DEVELOPMENT_TEAM = 8S589C7SU7;
				INFOPLIST_FILE = testLabelStringUITests/Info.plist;
				LD_RUNPATH_SEARCH_PATHS = (
					"$(inherited)",
					"@executable_path/Frameworks",
					"@loader_path/Frameworks",
				);
				PRODUCT_BUNDLE_IDENTIFIER = KobeSys.testLabelStringUITests;
				PRODUCT_NAME = "$(TARGET_NAME)";
				SWIFT_VERSION = 5.0;
				TARGETED_DEVICE_FAMILY = "1,2";
				TEST_TARGET_NAME = testLabelString;
			};
			name = Release;
		};
/* End XCBuildConfiguration section */

/* Begin XCConfigurationList section */
		92F702DB263167AA00FA5AB7 /* Build configuration list for PBXProject "testLabelString" */ = {
			isa = XCConfigurationList;
			buildConfigurations = (
				92F70308263167AE00FA5AB7 /* Debug */,
				92F70309263167AE00FA5AB7 /* Release */,
			);
			defaultConfigurationIsVisible = 0;
			defaultConfigurationName = Release;
		};
		92F7030A263167AE00FA5AB7 /* Build configuration list for PBXNativeTarget "testLabelString" */ = {
			isa = XCConfigurationList;
			buildConfigurations = (
				92F7030B263167AE00FA5AB7 /* Debug */,
				92F7030C263167AE00FA5AB7 /* Release */,
			);
			defaultConfigurationIsVisible = 0;
			defaultConfigurationName = Release;
		};
		92F7030D263167AE00FA5AB7 /* Build configuration list for PBXNativeTarget "testLabelStringTests" */ = {
			isa = XCConfigurationList;
			buildConfigurations = (
				92F7030E263167AE00FA5AB7 /* Debug */,
				92F7030F263167AE00FA5AB7 /* Release */,
			);
			defaultConfigurationIsVisible = 0;
			defaultConfigurationName = Release;
		};
		92F70310263167AE00FA5AB7 /* Build configuration list for PBXNativeTarget "testLabelStringUITests" */ = {
			isa = XCConfigurationList;
			buildConfigurations = (
				92F70311263167AE00FA5AB7 /* Debug */,
				92F70312263167AE00FA5AB7 /* Release */,
			);
			defaultConfigurationIsVisible = 0;
			defaultConfigurationName = Release;
		};
/* End XCConfigurationList section */
	};
	rootObject = 92F702D8263167AA00FA5AB7 /* Project object */;
}
